
Microsoft Visual Studio Solution File, Format Version 12.00
# Visual Studio Version 17
VisualStudioVersion = 17.4.33213.308
MinimumVisualStudioVersion = 10.0.40219.1
Project("{FAE04EC0-301F-11D3-BF4B-00C04F79EFBC}") = "WiflyBetApi", "WiflyBetApi\WiflyBetApi.csproj", "{BD1BD31D-1860-4760-AA1D-ADBB49DFAB69}"
EndProject
Global
	GlobalSection(SolutionConfigurationPlatforms) = preSolution
		Debug|Any CPU = Debug|Any CPU
		Release|Any CPU = Release|Any CPU
	EndGlobalSection
	GlobalSection(ProjectConfigurationPlatforms) = postSolution
		{BD1BD31D-1860-4760-AA1D-ADBB49DFAB69}.Debug|Any CPU.ActiveCfg = Debug|Any CPU
		{BD1BD31D-1860-4760-AA1D-ADBB49DFAB69}.Debug|Any CPU.Build.0 = Debug|Any CPU
		{BD1BD31D-1860-4760-AA1D-ADBB49DFAB69}.Release|Any CPU.ActiveCfg = Release|Any CPU
		{BD1BD31D-1860-4760-AA1D-ADBB49DFAB69}.Release|Any CPU.Build.0 = Release|Any CPU
	EndGlobalSection
	GlobalSection(SolutionProperties) = preSolution
		HideSolutionNode = FALSE
	EndGlobalSection
	GlobalSection(ExtensibilityGlobals) = postSolution
		SolutionGuid = {B073E5F4-4787-4BF4-B957-3FE2CAEC95C2}
	EndGlobalSection
EndGlobal
